
Microsoft Visual Studio Solution File, Format Version 11.00
# Visual Studio 2010
Project("{FAE04EC0-301F-11D3-BF4B-00C04F79EFBC}") = "Assembly-CSharp", "Assembly-CSharp.csproj", "{D0B9DC6D-C719-2625-685C-8CE1E66F17E5}"
EndProject
Project("{FAE04EC0-301F-11D3-BF4B-00C04F79EFBC}") = "Assembly-CSharp-Editor", "Assembly-CSharp-Editor.csproj", "{D9E3CF8D-76F5-FDA8-6A94-35E3F8652BB1}"
EndProject
Global
	GlobalSection(SolutionConfigurationPlatforms) = preSolution
		Debug|Any CPU = Debug|Any CPU
		Release|Any CPU = Release|Any CPU
	EndGlobalSection
	GlobalSection(ProjectConfigurationPlatforms) = postSolution
		{D0B9DC6D-C719-2625-685C-8CE1E66F17E5}.Debug|Any CPU.ActiveCfg = Debug|Any CPU
		{D0B9DC6D-C719-2625-685C-8CE1E66F17E5}.Debug|Any CPU.Build.0 = Debug|Any CPU
		{D0B9DC6D-C719-2625-685C-8CE1E66F17E5}.Release|Any CPU.ActiveCfg = Release|Any CPU
		{D0B9DC6D-C719-2625-685C-8CE1E66F17E5}.Release|Any CPU.Build.0 = Release|Any CPU
		{D9E3CF8D-76F5-FDA8-6A94-35E3F8652BB1}.Debug|Any CPU.ActiveCfg = Debug|Any CPU
		{D9E3CF8D-76F5-FDA8-6A94-35E3F8652BB1}.Debug|Any CPU.Build.0 = Debug|Any CPU
		{D9E3CF8D-76F5-FDA8-6A94-35E3F8652BB1}.Release|Any CPU.ActiveCfg = Release|Any CPU
		{D9E3CF8D-76F5-FDA8-6A94-35E3F8652BB1}.Release|Any CPU.Build.0 = Release|Any CPU
	EndGlobalSection
	GlobalSection(SolutionProperties) = preSolution
		HideSolutionNode = FALSE
	EndGlobalSection
	GlobalSection(MonoDevelopProperties) = preSolution
		StartupItem = Assembly-CSharp.csproj
	EndGlobalSection
EndGlobal
